
Microsoft Visual Studio Solution File, Format Version 12.00
# Visual Studio Version 16
VisualStudioVersion = 16.0.29926.136
MinimumVisualStudioVersion = 10.0.40219.1
Project("{9A19103F-16F7-4668-BE54-9A1E7A4F7556}") = "ContactManager", "ContactManager.csproj", "{BE2A97E2-FD6D-4BC9-98C2-48181C22667D}"
EndProject
Global
	GlobalSection(SolutionConfigurationPlatforms) = preSolution
		Debug|Any CPU = Debug|Any CPU
		Release|Any CPU = Release|Any CPU
	EndGlobalSection
	GlobalSection(ProjectConfigurationPlatforms) = postSolution
		{BE2A97E2-FD6D-4BC9-98C2-48181C22667D}.Debug|Any CPU.ActiveCfg = Debug|Any CPU
		{BE2A97E2-FD6D-4BC9-98C2-48181C22667D}.Debug|Any CPU.Build.0 = Debug|Any CPU
		{BE2A97E2-FD6D-4BC9-98C2-48181C22667D}.Release|Any CPU.ActiveCfg = Release|Any CPU
		{BE2A97E2-FD6D-4BC9-98C2-48181C22667D}.Release|Any CPU.Build.0 = Release|Any CPU
	EndGlobalSection
	GlobalSection(SolutionProperties) = preSolution
		HideSolutionNode = FALSE
	EndGlobalSection
	GlobalSection(ExtensibilityGlobals) = postSolution
		SolutionGuid = {3AC2D523-C0D7-4B7C-9A0C-1557D68F6A64}
	EndGlobalSection
EndGlobal
